dependencies:
- name: psmdb-db
  repository: https://percona.github.io/percona-helm-charts
  version: 1.21.2
- name: redis-cluster
  repository: https://charts.bitnami.com/bitnami
  version: 13.0.4
- name: eck-stack
  repository: https://helm.elastic.co
  version: 0.18.0
digest: sha256:51dc4a26eb4983207ab7d5c84de963ac4d2de4f984d5b650f160e56d0b165482
generated: "2026-02-06T14:54:47.74372+05:30"
